
Microsoft Visual Studio Solution File, Format Version 12.00
# Visual Studio Version 16
VisualStudioVersion = 16.0.29215.179
MinimumVisualStudioVersion = 10.0.40219.1
Project("{FAE04EC0-301F-11D3-BF4B-00C04F79EFBC}") = "CoreMVC2", "CoreMVC2\CoreMVC2.csproj", "{53DC8276-95B9-439F-B95A-DA2C393727E9}"
EndProject
Global
	GlobalSection(SolutionConfigurationPlatforms) = preSolution
		Debug|Any CPU = Debug|Any CPU
		Release|Any CPU = Release|Any CPU
	EndGlobalSection
	GlobalSection(ProjectConfigurationPlatforms) = postSolution
		{53DC8276-95B9-439F-B95A-DA2C393727E9}.Debug|Any CPU.ActiveCfg = Debug|Any CPU
		{53DC8276-95B9-439F-B95A-DA2C393727E9}.Debug|Any CPU.Build.0 = Debug|Any CPU
		{53DC8276-95B9-439F-B95A-DA2C393727E9}.Release|Any CPU.ActiveCfg = Release|Any CPU
		{53DC8276-95B9-439F-B95A-DA2C393727E9}.Release|Any CPU.Build.0 = Release|Any CPU
	EndGlobalSection
	GlobalSection(SolutionProperties) = preSolution
		HideSolutionNode = FALSE
	EndGlobalSection
	GlobalSection(ExtensibilityGlobals) = postSolution
		SolutionGuid = {BCA5676B-1B46-42E7-B3FA-A560B14DC5CD}
	EndGlobalSection
EndGlobal
